# This file is autogenerated, do not edit; changes may be undone by the next 'dep ensure'.


[[projects]]
  branch = "master"
  digest = "1:9cac35beaf0b218e41036e92ec8f664146227a6549a3bd307bb7b223cb40313b"
  name = "github.com/AndreasBriese/bbloom"
  packages = ["."]
  pruneopts = ""
  revision = "46b345b51c9667fcbaad862a370d73bd7aa802b6"

[[projects]]
  digest = "1:6146fda730c18186631e91e818d995e759e7cbe27644d6871ccd469f6865c686"
  name = "github.com/StackExchange/wmi"
  packages = ["."]
  pruneopts = ""
  revision = "cbe66965904dbe8a6cd589e2298e5d8b986bd7dd"
  version = "1.1.0"

[[projects]]
  digest = "1:3b186fcaa1c0b374249e76601cd4d5c8c7f0712f8ad419f2e8288c7b9e7ed520"
  name = "github.com/aead/serpent"
  packages = ["."]
  pruneopts = ""
  revision = "fba169763ea663f7496376e5cdf709e4c7504704"
  version = "v0.1"

[[projects]]
  branch = "master"
  digest = "1:baf770c4efa1883bb5e444614e85b8028bbad33913aca290a43298f65d9df485"
  name = "github.com/bluele/gcache"
  packages = ["."]
  pruneopts = ""
  revision = "bc40bd6538339bd4be8cb0b48fc33fdf012ddb6e"

[[projects]]
  digest = "1:d25acc7560ed91f825cb9b01a1e945bb1117cdcaba19077137e2d9ffc9cf6d05"
  name = "github.com/cespare/xxhash"
  packages = ["."]
  pruneopts = ""
  revision = "d7df74196a9e781ede915320c11c378c1b2f3a1f"
  version = "v2.1.1"

[[projects]]
  digest = "1:0deddd908b6b4b768cfc272c16ee61e7088a60f7fe2f06c547bd3d8e1f8b8e77"
  name = "github.com/davecgh/go-spew"
  packages = ["spew"]
  pruneopts = ""
  revision = "8991bc29aa16c548c550c7ff78260e27b9ab7c73"
  version = "v1.1.1"

[[projects]]
  digest = "1:238e2deec0c24dca94461b2f72fe05eba40063b653677e60901af56a6fd5148b"
  name = "github.com/dgraph-io/badger"
  packages = [
    ".",
    "options",
    "pb",
    "skl",
    "table",
    "trie",
    "y",
  ]
  pruneopts = ""
  revision = "8760a5018cd670a5cecc79a7e927ecaf47acc434"
  version = "v1.6.1"

[[projects]]
  digest = "1:1d9a7f60f0ff31ba3336a9c1349c212e7076845b537c053a1703a26730145167"
  name = "github.com/dgraph-io/ristretto"
  packages = ["z"]
  pruneopts = ""
  revision = "dbc185e050f48c5190a78b4a07829d9c10afca21"
  version = "v0.0.2"

[[projects]]
  digest = "1:f1a75a8e00244e5ea77ff274baa9559eb877437b240ee7b278f3fc560d9f08bf"
  name = "github.com/dustin/go-humanize"
  packages = ["."]
  pruneopts = ""
  revision = "9f541cc9db5d55bce703bd99987c9d5cb8eea45e"
  version = "v1.0.0"

[[projects]]
  digest = "1:b6581f9180e0f2d5549280d71819ab951db9d511478c87daca95669589d505c0"
  name = "github.com/go-ole/go-ole"
  packages = [
    ".",
    "oleutil",
  ]
  pruneopts = ""
  revision = "97b6244175ae18ea6eef668034fd6565847501c9"
  version = "v1.2.4"

[[projects]]
  digest = "1:fd608a9f543f30dd5a086b2cdd0bce71b65bca62798ff7ce21348806cdf1412d"
  name = "github.com/gofrs/uuid"
  packages = ["."]
  pruneopts = ""
  revision = "abfe1881e60ef34074c1b8d8c63b42565c356ed6"
  version = "v3.3.0"

[[projects]]
  digest = "1:02c7a8570f619bdb5620e8f6a16407455c8e63433d8a9e829f618813dc7f89a5"
  name = "github.com/golang/protobuf"
  packages = ["proto"]
  pruneopts = ""
  revision = "d04d7b157bb510b1e0c10132224b616ac0e26b17"
  version = "v1.4.2"

[[projects]]
  digest = "1:20dc576ad8f98fe64777c62f090a9b37dd67c62b23fe42b429c2c41936aa8a9c"
  name = "github.com/google/renameio"
  packages = ["."]
  pruneopts = ""
  revision = "f0e32980c006571efd537032e5f9cd8c1a92819e"
  version = "v0.1.0"

[[projects]]
  digest = "1:fbab76ba211c99fcd45a481a32530efc229f3510fd94889f361dcaf13ff05fe0"
  name = "github.com/gorilla/mux"
  packages = ["."]
  pruneopts = ""
  revision = "75dcda0896e109a2a22c9315bca3bb21b87b2ba5"
  version = "v1.7.4"

[[projects]]
  digest = "1:5122b0b5a933bd0e16b887aa7844933c8a09fb5ba9b5f5651253cb5336c6462a"
  name = "github.com/gorilla/websocket"
  packages = ["."]
  pruneopts = ""
  revision = "b65e62901fc1c0d968042419e74789f6af455eb9"
  version = "v1.4.2"

[[projects]]
  digest = "1:2f0c811248aeb64978037b357178b1593372439146bda860cb16f2c80785ea93"
  name = "github.com/hashicorp/go-version"
  packages = ["."]
  pruneopts = ""
  revision = "ac23dc3fea5d1a983c43f6a0f6e2c13f0195d8bd"
  version = "v1.2.0"

[[projects]]
  digest = "1:870d441fe217b8e689d7949fef6e43efbc787e50f200cb1e70dbca9204a1d6be"
  name = "github.com/inconshreveable/mousetrap"
  packages = ["."]
  pruneopts = ""
  revision = "76626ae9c91c4f2a10f34cad8ce83ea42c93bb75"
  version = "v1.0"

[[projects]]
  digest = "1:c45802472e0c06928cd997661f2af610accd85217023b1d5f6331bebce0671d3"
  name = "github.com/pkg/errors"
  packages = ["."]
  pruneopts = ""
  revision = "614d223910a179a466c1767a985424175c39b465"
  version = "v0.9.1"

[[projects]]
  digest = "1:90da107a52bdacf25384ae6fc2889df9cf3c956ecde1561825b13ba70a8283b5"
  name = "github.com/seehuhn/fortuna"
  packages = ["."]
  pruneopts = ""
  revision = "6f13c9c4f925cf5dd33c070a2f0fbe596385917b"
  version = "v1.0.1"

[[projects]]
  digest = "1:bf9a02016247817c7ca7dc0d42ee608ffdef20de1474f6d676cfd80a64068a38"
  name = "github.com/seehuhn/sha256d"
  packages = ["."]
  pruneopts = ""
  revision = "4a65999787a5902349359436a10df5fe59a10a64"
  version = "v1.0.0"

[[projects]]
  digest = "1:16f319cf21ddf49f27b3a2093d68316840dc25ec5c2a0a431a4a4fc01ea707e2"
  name = "github.com/shirou/gopsutil"
  packages = [
    "cpu",
    "host",
    "internal/common",
    "mem",
    "net",
    "process",
  ]
  pruneopts = ""
  revision = "a81cf97fce2300934e6c625b9917103346c26ba3"
  version = "v2.20.4"

[[projects]]
  digest = "1:bff75d4f1a2d2c4b8f4b46ff5ac230b80b5fa49276f615900cba09fe4c97e66e"
  name = "github.com/spf13/cobra"
  packages = ["."]
  pruneopts = ""
  revision = "a684a6d7f5e37385d954dd3b5a14fc6912c6ab9d"
  version = "v1.0.0"

[[projects]]
  digest = "1:688428eeb1ca80d92599eb3254bdf91b51d7e232fead3a73844c1f201a281e51"
  name = "github.com/spf13/pflag"
  packages = ["."]
  pruneopts = ""
  revision = "2e9d26c8c37aae03e3f9d4e90b7116f5accb7cab"
  version = "v1.0.5"

[[projects]]
  branch = "master"
  digest = "1:86e6712cfd4070a2120c03fcec41cfcbbc51813504a74e28d74479edfaf669ee"
  name = "github.com/tevino/abool"
  packages = ["."]
  pruneopts = ""
  revision = "9b9efcf221b50905aab9bbabd3daed56dc10f339"

[[projects]]
  digest = "1:029181b60f6ea672544d102f81d7d9508a45a70e17ce8a649535959e0249d56b"
  name = "github.com/tidwall/gjson"
  packages = ["."]
  pruneopts = ""
  revision = "f042915ca17de35980544c91ab2c8ceb73b682f2"
  version = "v1.6.0"

[[projects]]
  digest = "1:72511ec1089fee111c995492d1d390a38ac7ab888aabdb1188985f2a1719c599"
  name = "github.com/tidwall/match"
  packages = ["."]
  pruneopts = ""
  revision = "33827db735fff6510490d69a8622612558a557ed"
  version = "v1.0.1"

[[projects]]
  digest = "1:3d4deb9e8160077721a79fc1b5a6ce27016c98f9f8e631090d5af8f50120ddf0"
  name = "github.com/tidwall/pretty"
  packages = ["."]
  pruneopts = ""
  revision = "b2475501f89994f7ea30b3c94ba86b49079961fe"
  version = "v1.0.1"

[[projects]]
  digest = "1:b749bf81c4c595c1218489d2fa4d90e4a953a5fd11420722a2f57c0c5beecb92"
  name = "github.com/tidwall/sjson"
  packages = ["."]
  pruneopts = ""
  revision = "11cb24d8421de3e1bb5c5efb066a03037150568d"
  version = "v1.1.1"

[[projects]]
  digest = "1:2a591e844f6019284ded9f5095e53764c3d69bb8e7d1cf2b318f1b7e25864508"
  name = "go.etcd.io/bbolt"
  packages = ["."]
  pruneopts = ""
  revision = "68cc10a767ea1c6b9e8dcb9847317ff192d6d974"
  version = "v1.3.4"

[[projects]]
  branch = "master"
  digest = "1:305d718b88fcd3b251b910416367de49af1e7944a9a17efabedab5f0ba7745de"
  name = "golang.org/x/net"
  packages = [
    "internal/timeseries",
    "trace",
  ]
  pruneopts = ""
  revision = "0ba52f642ac2f9371a88bfdde41f4b4e195a37c0"

[[projects]]
  branch = "master"
  digest = "1:bf837d996e7dfe7b819cbe53c8c9733e93228577f0561e43996b9ef0ea8a68a9"
  name = "golang.org/x/sys"
  packages = [
    "internal/unsafeheader",
    "unix",
    "windows",
  ]
  pruneopts = ""
  revision = "05986578812163b26672dabd9b425240ae2bb0ad"

[[projects]]
  digest = "1:f3bbd8ea54cde834a67fc50f27cbdf35eb950225953fb304891be068ba82d163"
  name = "google.golang.org/protobuf"
  packages = [
    "encoding/prototext",
    "encoding/protowire",
    "internal/descfmt",
    "internal/descopts",
    "internal/detrand",
    "internal/encoding/defval",
    "internal/encoding/messageset",
    "internal/encoding/tag",
    "internal/encoding/text",
    "internal/errors",
    "internal/fieldnum",
    "internal/fieldsort",
    "internal/filedesc",
    "internal/filetype",
    "internal/flags",
    "internal/genname",
    "internal/impl",
    "internal/mapsort",
    "internal/pragma",
    "internal/set",
    "internal/strs",
    "internal/version",
    "proto",
    "reflect/protoreflect",
    "reflect/protoregistry",
    "runtime/protoiface",
    "runtime/protoimpl",
  ]
  pruneopts = ""
  revision = "d165be301fb1e13390ad453281ded24385fd8ebc"
  version = "v1.23.0"

[solve-meta]
  analyzer-name = "dep"
  analyzer-version = 1
  input-imports = [
    "github.com/aead/serpent",
    "github.com/bluele/gcache",
    "github.com/davecgh/go-spew/spew",
    "github.com/dgraph-io/badger",
    "github.com/gofrs/uuid",
    "github.com/google/renameio",
    "github.com/gorilla/mux",
    "github.com/gorilla/websocket",
    "github.com/hashicorp/go-version",
    "github.com/seehuhn/fortuna",
    "github.com/shirou/gopsutil/host",
    "github.com/spf13/cobra",
    "github.com/tevino/abool",
    "github.com/tidwall/gjson",
    "github.com/tidwall/sjson",
    "go.etcd.io/bbolt",
    "golang.org/x/sys/windows",
  ]
  solver-name = "gps-cdcl"
  solver-version = 1
